
Microsoft Visual Studio Solution File, Format Version 12.00
# Visual Studio Version 17
VisualStudioVersion = 17.9.34728.123
MinimumVisualStudioVersion = 10.0.40219.1
Project("{2150E333-8FDC-42A3-9474-1A3956D46DE8}") = "GF.Common", "GF.Common", "{388DC98A-BD92-496C-8E5A-0372689AF500}"
EndProject
Project("{9A19103F-16F7-4668-BE54-9A1E7A4F7556}") = "GF.Common", "GF.Common\GF.Common\GF.Common.csproj", "{548E17B0-624A-4346-8DA6-6F918898B63E}"
EndProject
Project("{9A19103F-16F7-4668-BE54-9A1E7A4F7556}") = "GF.Common.UnitTests", "GF.Common\GF.Common.UnitTests\GF.Common.UnitTests.csproj", "{31A7D8FA-F841-4B50-9D63-19D00B07C3C0}"
EndProject
Project("{2150E333-8FDC-42A3-9474-1A3956D46DE8}") = "GF.SimSig", "GF.SimSig", "{9A37E58E-376D-4D16-A6AF-189CB09C5EFB}"
EndProject
Project("{9A19103F-16F7-4668-BE54-9A1E7A4F7556}") = "GF.SimSig", "GF.SimSig\GF.SimSig\GF.SimSig.csproj", "{D165A71C-DEF3-4EB8-B2D2-4DF8D68E9E8C}"
EndProject
Project("{2150E333-8FDC-42A3-9474-1A3956D46DE8}") = "GF.Core", "GF.Core", "{9BB03E18-EC61-4397-988A-E1E64737FBAA}"
EndProject
Project("{9A19103F-16F7-4668-BE54-9A1E7A4F7556}") = "GF.Core", "GF.Core\GF.Core\GF.Core.csproj", "{8775BF10-A481-4705-9D70-8E836E2D6241}"
EndProject
Project("{9A19103F-16F7-4668-BE54-9A1E7A4F7556}") = "GF.SimSig.UnitTests", "GF.SimSig\GF.SimSig.UnitTests\GF.SimSig.UnitTests.csproj", "{1B4BAAC7-56B5-4EFB-8D0A-3840DA42E665}"
EndProject
Project("{9A19103F-16F7-4668-BE54-9A1E7A4F7556}") = "GF.SimSig.IntegrationTests", "GF.SimSig\GF.SimSig.IntegrationTests\GF.SimSig.IntegrationTests.csproj", "{FA67E281-8A8E-4B6A-AB00-4DCD8BC52303}"
EndProject
Project("{2150E333-8FDC-42A3-9474-1A3956D46DE8}") = "GF.Rails", "GF.Rails", "{9315D033-A943-4720-A0B6-9B4CBA6EBD07}"
EndProject
Project("{9A19103F-16F7-4668-BE54-9A1E7A4F7556}") = "GF.Rails", "GF.Rails\GF.Rails\GF.Rails.csproj", "{65305EB0-65F9-4443-BA0C-AD5B0990F72A}"
EndProject
Project("{2150E333-8FDC-42A3-9474-1A3956D46DE8}") = "GF.Graph", "GF.Graph", "{26287996-3BEB-4F3D-B32D-1E66177D2CE4}"
EndProject
Project("{9A19103F-16F7-4668-BE54-9A1E7A4F7556}") = "GF.Graph", "GF.Graph\GF.Graph\GF.Graph.csproj", "{51087407-1609-4FF9-AC1E-9E2B2C59761C}"
EndProject
Project("{FAE04EC0-301F-11D3-BF4B-00C04F79EFBC}") = "GF.Rails.UnitTests", "GF.Rails\GF.Rails.UnitTests\GF.Rails.UnitTests.csproj", "{E605EF85-C27A-4813-A253-04A39BCD0081}"
EndProject
Global
	GlobalSection(SolutionConfigurationPlatforms) = preSolution
		Debug|Any CPU = Debug|Any CPU
		Release|Any CPU = Release|Any CPU
	EndGlobalSection
	GlobalSection(ProjectConfigurationPlatforms) = postSolution
		{548E17B0-624A-4346-8DA6-6F918898B63E}.Debug|Any CPU.ActiveCfg = Debug|Any CPU
		{548E17B0-624A-4346-8DA6-6F918898B63E}.Debug|Any CPU.Build.0 = Debug|Any CPU
		{548E17B0-624A-4346-8DA6-6F918898B63E}.Release|Any CPU.ActiveCfg = Release|Any CPU
		{548E17B0-624A-4346-8DA6-6F918898B63E}.Release|Any CPU.Build.0 = Release|Any CPU
		{31A7D8FA-F841-4B50-9D63-19D00B07C3C0}.Debug|Any CPU.ActiveCfg = Debug|Any CPU
		{31A7D8FA-F841-4B50-9D63-19D00B07C3C0}.Debug|Any CPU.Build.0 = Debug|Any CPU
		{31A7D8FA-F841-4B50-9D63-19D00B07C3C0}.Release|Any CPU.ActiveCfg = Release|Any CPU
		{31A7D8FA-F841-4B50-9D63-19D00B07C3C0}.Release|Any CPU.Build.0 = Release|Any CPU
		{D165A71C-DEF3-4EB8-B2D2-4DF8D68E9E8C}.Debug|Any CPU.ActiveCfg = Debug|Any CPU
		{D165A71C-DEF3-4EB8-B2D2-4DF8D68E9E8C}.Debug|Any CPU.Build.0 = Debug|Any CPU
		{D165A71C-DEF3-4EB8-B2D2-4DF8D68E9E8C}.Release|Any CPU.ActiveCfg = Release|Any CPU
		{D165A71C-DEF3-4EB8-B2D2-4DF8D68E9E8C}.Release|Any CPU.Build.0 = Release|Any CPU
		{8775BF10-A481-4705-9D70-8E836E2D6241}.Debug|Any CPU.ActiveCfg = Debug|Any CPU
		{8775BF10-A481-4705-9D70-8E836E2D6241}.Debug|Any CPU.Build.0 = Debug|Any CPU
		{8775BF10-A481-4705-9D70-8E836E2D6241}.Release|Any CPU.ActiveCfg = Release|Any CPU
		{8775BF10-A481-4705-9D70-8E836E2D6241}.Release|Any CPU.Build.0 = Release|Any CPU
		{1B4BAAC7-56B5-4EFB-8D0A-3840DA42E665}.Debug|Any CPU.ActiveCfg = Debug|Any CPU
		{1B4BAAC7-56B5-4EFB-8D0A-3840DA42E665}.Debug|Any CPU.Build.0 = Debug|Any CPU
		{1B4BAAC7-56B5-4EFB-8D0A-3840DA42E665}.Release|Any CPU.ActiveCfg = Release|Any CPU
		{1B4BAAC7-56B5-4EFB-8D0A-3840DA42E665}.Release|Any CPU.Build.0 = Release|Any CPU
		{FA67E281-8A8E-4B6A-AB00-4DCD8BC52303}.Debug|Any CPU.ActiveCfg = Debug|Any CPU
		{FA67E281-8A8E-4B6A-AB00-4DCD8BC52303}.Debug|Any CPU.Build.0 = Debug|Any CPU
		{FA67E281-8A8E-4B6A-AB00-4DCD8BC52303}.Release|Any CPU.ActiveCfg = Release|Any CPU
		{FA67E281-8A8E-4B6A-AB00-4DCD8BC52303}.Release|Any CPU.Build.0 = Release|Any CPU
		{65305EB0-65F9-4443-BA0C-AD5B0990F72A}.Debug|Any CPU.ActiveCfg = Debug|Any CPU
		{65305EB0-65F9-4443-BA0C-AD5B0990F72A}.Debug|Any CPU.Build.0 = Debug|Any CPU
		{65305EB0-65F9-4443-BA0C-AD5B0990F72A}.Release|Any CPU.ActiveCfg = Release|Any CPU
		{65305EB0-65F9-4443-BA0C-AD5B0990F72A}.Release|Any CPU.Build.0 = Release|Any CPU
		{51087407-1609-4FF9-AC1E-9E2B2C59761C}.Debug|Any CPU.ActiveCfg = Debug|Any CPU
		{51087407-1609-4FF9-AC1E-9E2B2C59761C}.Debug|Any CPU.Build.0 = Debug|Any CPU
		{51087407-1609-4FF9-AC1E-9E2B2C59761C}.Release|Any CPU.ActiveCfg = Release|Any CPU
		{51087407-1609-4FF9-AC1E-9E2B2C59761C}.Release|Any CPU.Build.0 = Release|Any CPU
		{E605EF85-C27A-4813-A253-04A39BCD0081}.Debug|Any CPU.ActiveCfg = Debug|Any CPU
		{E605EF85-C27A-4813-A253-04A39BCD0081}.Debug|Any CPU.Build.0 = Debug|Any CPU
		{E605EF85-C27A-4813-A253-04A39BCD0081}.Release|Any CPU.ActiveCfg = Release|Any CPU
		{E605EF85-C27A-4813-A253-04A39BCD0081}.Release|Any CPU.Build.0 = Release|Any CPU
	EndGlobalSection
	GlobalSection(SolutionProperties) = preSolution
		HideSolutionNode = FALSE
	EndGlobalSection
	GlobalSection(NestedProjects) = preSolution
		{548E17B0-624A-4346-8DA6-6F918898B63E} = {388DC98A-BD92-496C-8E5A-0372689AF500}
		{31A7D8FA-F841-4B50-9D63-19D00B07C3C0} = {388DC98A-BD92-496C-8E5A-0372689AF500}
		{D165A71C-DEF3-4EB8-B2D2-4DF8D68E9E8C} = {9A37E58E-376D-4D16-A6AF-189CB09C5EFB}
		{8775BF10-A481-4705-9D70-8E836E2D6241} = {9BB03E18-EC61-4397-988A-E1E64737FBAA}
		{1B4BAAC7-56B5-4EFB-8D0A-3840DA42E665} = {9A37E58E-376D-4D16-A6AF-189CB09C5EFB}
		{FA67E281-8A8E-4B6A-AB00-4DCD8BC52303} = {9A37E58E-376D-4D16-A6AF-189CB09C5EFB}
		{65305EB0-65F9-4443-BA0C-AD5B0990F72A} = {9315D033-A943-4720-A0B6-9B4CBA6EBD07}
		{51087407-1609-4FF9-AC1E-9E2B2C59761C} = {26287996-3BEB-4F3D-B32D-1E66177D2CE4}
		{E605EF85-C27A-4813-A253-04A39BCD0081} = {9315D033-A943-4720-A0B6-9B4CBA6EBD07}
	EndGlobalSection
	GlobalSection(ExtensibilityGlobals) = postSolution
		SolutionGuid = {7F4CFFE0-A160-42C2-93A1-72361769887C}
	EndGlobalSection
EndGlobal
